
Microsoft Visual Studio Solution File, Format Version 12.00
# Visual Studio Version 16
VisualStudioVersion = 16.0.31129.286
MinimumVisualStudioVersion = 10.0.40219.1
Project("{FAE04EC0-301F-11D3-BF4B-00C04F79EFBC}") = "Task1", "Task1\Task1.csproj", "{AF6D8745-315E-460B-A8AD-847A1D80D2D4}"
EndProject
Project("{FAE04EC0-301F-11D3-BF4B-00C04F79EFBC}") = "Task2", "Task2\Task2.csproj", "{3DB3F217-506C-4D63-B7BF-B99612E605D8}"
EndProject
Project("{FAE04EC0-301F-11D3-BF4B-00C04F79EFBC}") = "Task3", "Task3\Task3.csproj", "{B955FB02-A3BF-4C08-BF97-32D35B98A99F}"
EndProject
Project("{FAE04EC0-301F-11D3-BF4B-00C04F79EFBC}") = "Task4", "Task4\Task4.csproj", "{7A1C0BC6-B222-400B-A3AE-351A78484CE6}"
EndProject
Project("{FAE04EC0-301F-11D3-BF4B-00C04F79EFBC}") = "Task5", "Task5\Task5.csproj", "{769E45EE-BBC2-4070-AC3F-2CDD829CBC82}"
EndProject
Global
	GlobalSection(SolutionConfigurationPlatforms) = preSolution
		Debug|Any CPU = Debug|Any CPU
		Release|Any CPU = Release|Any CPU
	EndGlobalSection
	GlobalSection(ProjectConfigurationPlatforms) = postSolution
		{AF6D8745-315E-460B-A8AD-847A1D80D2D4}.Debug|Any CPU.ActiveCfg = Debug|Any CPU
		{AF6D8745-315E-460B-A8AD-847A1D80D2D4}.Debug|Any CPU.Build.0 = Debug|Any CPU
		{AF6D8745-315E-460B-A8AD-847A1D80D2D4}.Release|Any CPU.ActiveCfg = Release|Any CPU
		{AF6D8745-315E-460B-A8AD-847A1D80D2D4}.Release|Any CPU.Build.0 = Release|Any CPU
		{3DB3F217-506C-4D63-B7BF-B99612E605D8}.Debug|Any CPU.ActiveCfg = Debug|Any CPU
		{3DB3F217-506C-4D63-B7BF-B99612E605D8}.Debug|Any CPU.Build.0 = Debug|Any CPU
		{3DB3F217-506C-4D63-B7BF-B99612E605D8}.Release|Any CPU.ActiveCfg = Release|Any CPU
		{3DB3F217-506C-4D63-B7BF-B99612E605D8}.Release|Any CPU.Build.0 = Release|Any CPU
		{B955FB02-A3BF-4C08-BF97-32D35B98A99F}.Debug|Any CPU.ActiveCfg = Debug|Any CPU
		{B955FB02-A3BF-4C08-BF97-32D35B98A99F}.Debug|Any CPU.Build.0 = Debug|Any CPU
		{B955FB02-A3BF-4C08-BF97-32D35B98A99F}.Release|Any CPU.ActiveCfg = Release|Any CPU
		{B955FB02-A3BF-4C08-BF97-32D35B98A99F}.Release|Any CPU.Build.0 = Release|Any CPU
		{7A1C0BC6-B222-400B-A3AE-351A78484CE6}.Debug|Any CPU.ActiveCfg = Debug|Any CPU
		{7A1C0BC6-B222-400B-A3AE-351A78484CE6}.Debug|Any CPU.Build.0 = Debug|Any CPU
		{7A1C0BC6-B222-400B-A3AE-351A78484CE6}.Release|Any CPU.ActiveCfg = Release|Any CPU
		{7A1C0BC6-B222-400B-A3AE-351A78484CE6}.Release|Any CPU.Build.0 = Release|Any CPU
		{769E45EE-BBC2-4070-AC3F-2CDD829CBC82}.Debug|Any CPU.ActiveCfg = Debug|Any CPU
		{769E45EE-BBC2-4070-AC3F-2CDD829CBC82}.Debug|Any CPU.Build.0 = Debug|Any CPU
		{769E45EE-BBC2-4070-AC3F-2CDD829CBC82}.Release|Any CPU.ActiveCfg = Release|Any CPU
		{769E45EE-BBC2-4070-AC3F-2CDD829CBC82}.Release|Any CPU.Build.0 = Release|Any CPU
	EndGlobalSection
	GlobalSection(SolutionProperties) = preSolution
		HideSolutionNode = FALSE
	EndGlobalSection
	GlobalSection(ExtensibilityGlobals) = postSolution
		SolutionGuid = {F5CEA9DC-2593-4EBF-A40E-5330CB23C108}
	EndGlobalSection
EndGlobal
