
Microsoft Visual Studio Solution File, Format Version 12.00
# Visual Studio Version 16
VisualStudioVersion = 16.0.31129.286
MinimumVisualStudioVersion = 10.0.40219.1
Project("{FAE04EC0-301F-11D3-BF4B-00C04F79EFBC}") = "Task1", "Task1\Task1.csproj", "{2C6FB868-64C3-4E50-BD45-182658FFC91B}"
EndProject
Project("{FAE04EC0-301F-11D3-BF4B-00C04F79EFBC}") = "Task2", "Task2\Task2.csproj", "{368E1012-E104-429E-B956-58DF45D9CB32}"
EndProject
Project("{FAE04EC0-301F-11D3-BF4B-00C04F79EFBC}") = "Task3", "Task3\Task3.csproj", "{5AB5121A-378D-4C19-A80A-F61AF978A511}"
EndProject
Project("{FAE04EC0-301F-11D3-BF4B-00C04F79EFBC}") = "Task4", "Task4\Task4.csproj", "{CA25F04E-9911-4D23-9F8A-F888FB0710F8}"
EndProject
Project("{FAE04EC0-301F-11D3-BF4B-00C04F79EFBC}") = "Task5", "Task5\Task5.csproj", "{46C43EA5-F020-44F5-9F40-C6F87FFD8720}"
EndProject
Global
	GlobalSection(SolutionConfigurationPlatforms) = preSolution
		Debug|Any CPU = Debug|Any CPU
		Release|Any CPU = Release|Any CPU
	EndGlobalSection
	GlobalSection(ProjectConfigurationPlatforms) = postSolution
		{2C6FB868-64C3-4E50-BD45-182658FFC91B}.Debug|Any CPU.ActiveCfg = Debug|Any CPU
		{2C6FB868-64C3-4E50-BD45-182658FFC91B}.Debug|Any CPU.Build.0 = Debug|Any CPU
		{2C6FB868-64C3-4E50-BD45-182658FFC91B}.Release|Any CPU.ActiveCfg = Release|Any CPU
		{2C6FB868-64C3-4E50-BD45-182658FFC91B}.Release|Any CPU.Build.0 = Release|Any CPU
		{368E1012-E104-429E-B956-58DF45D9CB32}.Debug|Any CPU.ActiveCfg = Debug|Any CPU
		{368E1012-E104-429E-B956-58DF45D9CB32}.Debug|Any CPU.Build.0 = Debug|Any CPU
		{368E1012-E104-429E-B956-58DF45D9CB32}.Release|Any CPU.ActiveCfg = Release|Any CPU
		{368E1012-E104-429E-B956-58DF45D9CB32}.Release|Any CPU.Build.0 = Release|Any CPU
		{5AB5121A-378D-4C19-A80A-F61AF978A511}.Debug|Any CPU.ActiveCfg = Debug|Any CPU
		{5AB5121A-378D-4C19-A80A-F61AF978A511}.Debug|Any CPU.Build.0 = Debug|Any CPU
		{5AB5121A-378D-4C19-A80A-F61AF978A511}.Release|Any CPU.ActiveCfg = Release|Any CPU
		{5AB5121A-378D-4C19-A80A-F61AF978A511}.Release|Any CPU.Build.0 = Release|Any CPU
		{CA25F04E-9911-4D23-9F8A-F888FB0710F8}.Debug|Any CPU.ActiveCfg = Debug|Any CPU
		{CA25F04E-9911-4D23-9F8A-F888FB0710F8}.Debug|Any CPU.Build.0 = Debug|Any CPU
		{CA25F04E-9911-4D23-9F8A-F888FB0710F8}.Release|Any CPU.ActiveCfg = Release|Any CPU
		{CA25F04E-9911-4D23-9F8A-F888FB0710F8}.Release|Any CPU.Build.0 = Release|Any CPU
		{46C43EA5-F020-44F5-9F40-C6F87FFD8720}.Debug|Any CPU.ActiveCfg = Debug|Any CPU
		{46C43EA5-F020-44F5-9F40-C6F87FFD8720}.Debug|Any CPU.Build.0 = Debug|Any CPU
		{46C43EA5-F020-44F5-9F40-C6F87FFD8720}.Release|Any CPU.ActiveCfg = Release|Any CPU
		{46C43EA5-F020-44F5-9F40-C6F87FFD8720}.Release|Any CPU.Build.0 = Release|Any CPU
	EndGlobalSection
	GlobalSection(SolutionProperties) = preSolution
		HideSolutionNode = FALSE
	EndGlobalSection
	GlobalSection(ExtensibilityGlobals) = postSolution
		SolutionGuid = {47050B59-4D97-4476-A06C-965412AF740B}
	EndGlobalSection
EndGlobal
